// !$*UTF8*$!
{
	archiveVersion = 1;
	classes = {
	};
	objectVersion = 46;
	objects = {

/* Begin PBXBuildFile section */
		1B9930061F414D1F00152707 /* AppDelegate.swift in Sources */ = {isa = PBXBuildFile; fileRef = 1B9930051F414D1F00152707 /* AppDelegate.swift */; };
		1B9930081F414D1F00152707 /* ViewController.swift in Sources */ = {isa = PBXBuildFile; fileRef = 1B9930071F414D1F00152707 /* ViewController.swift */; };
		1B99300B1F414D1F00152707 /* Main.storyboard in Resources */ = {isa = PBXBuildFile; fileRef = 1B9930091F414D1F00152707 /* Main.storyboard */; };
		1B99300D1F414D1F00152707 /* Assets.xcassets in Resources */ = {isa = PBXBuildFile; fileRef = 1B99300C1F414D1F00152707 /* Assets.xcassets */; };
		1B9930101F414D1F00152707 /* LaunchScreen.storyboard in Resources */ = {isa = PBXBuildFile; fileRef = 1B99300E1F414D1F00152707 /* LaunchScreen.storyboard */; };
		1B99301B1F414D1F00152707 /* SimpleSwiftTests.swift in Sources */ = {isa = PBXBuildFile; fileRef = 1B99301A1F414D1F00152707 /* SimpleSwiftTests.swift */; };
		1B9930261F414D1F00152707 /* SimpleSwiftUITests.swift in Sources */ = {isa = PBXBuildFile; fileRef = 1B9930251F414D1F00152707 /* SimpleSwiftUITests.swift */; };
		1B9930341F41521000152707 /* People.swift in Sources */ = {isa = PBXBuildFile; fileRef = 1B9930331F41521000152707 /* People.swift */; };
		1B9930361F41523C00152707 /* Animal.swift in Sources */ = {isa = PBXBuildFile; fileRef = 1B9930351F41523C00152707 /* Animal.swift */; };
		1B9930381F41534900152707 /* Home.swift in Sources */ = {isa = PBXBuildFile; fileRef = 1B9930371F41534900152707 /* Home.swift */; };
		F28E1487B211A42E670B10E0 /* Pods_SimpleSwift.framework in Frameworks */ = {isa = PBXBuildFile; fileRef = A11A0AC77D031D9E9DE15CDB /* Pods_SimpleSwift.framework */; };
/* End PBXBuildFile section */

/* Begin PBXContainerItemProxy section */
		1B9930171F414D1F00152707 /* PBXContainerItemProxy */ = {
			isa = PBXContainerItemProxy;
			containerPortal = 1B992FFA1F414D1F00152707 /* Project object */;
			proxyType = 1;
			remoteGlobalIDString = 1B9930011F414D1F00152707;
			remoteInfo = SimpleSwift;
		};
		1B9930221F414D1F00152707 /* PBXContainerItemProxy */ = {
			isa = PBXContainerItemProxy;
			containerPortal = 1B992FFA1F414D1F00152707 /* Project object */;
			proxyType = 1;
			remoteGlobalIDString = 1B9930011F414D1F00152707;
			remoteInfo = SimpleSwift;
		};
/* End PBXContainerItemProxy section */

/* Begin PBXFileReference section */
		1B9930021F414D1F00152707 /* SimpleSwift.app */ = {isa = PBXFileReference; explicitFileType = wrapper.application; includeInIndex = 0; path = SimpleSwift.app; sourceTree = BUILT_PRODUCTS_DIR; };
		1B9930051F414D1F00152707 /* AppDelegate.swift */ = {isa = PBXFileReference; lastKnownFileType = sourcecode.swift; path = AppDelegate.swift; sourceTree = "<group>"; };
		1B9930071F414D1F00152707 /* ViewController.swift */ = {isa = PBXFileReference; lastKnownFileType = sourcecode.swift; path = ViewController.swift; sourceTree = "<group>"; };
		1B99300A1F414D1F00152707 /* Base */ = {isa = PBXFileReference; lastKnownFileType = file.storyboard; name = Base; path = Base.lproj/Main.storyboard; sourceTree = "<group>"; };
		1B99300C1F414D1F00152707 /* Assets.xcassets */ = {isa = PBXFileReference; lastKnownFileType = folder.assetcatalog; path = Assets.xcassets; sourceTree = "<group>"; };
		1B99300F1F414D1F00152707 /* Base */ = {isa = PBXFileReference; lastKnownFileType = file.storyboard; name = Base; path = Base.lproj/LaunchScreen.storyboard; sourceTree = "<group>"; };
		1B9930111F414D1F00152707 /* Info.plist */ = {isa = PBXFileReference; lastKnownFileType = text.plist.xml; path = Info.plist; sourceTree = "<group>"; };
		1B9930161F414D1F00152707 /* SimpleSwiftTests.xctest */ = {isa = PBXFileReference; explicitFileType = wrapper.cfbundle; includeInIndex = 0; path = SimpleSwiftTests.xctest; sourceTree = BUILT_PRODUCTS_DIR; };
		1B99301A1F414D1F00152707 /* SimpleSwiftTests.swift */ = {isa = PBXFileReference; lastKnownFileType = sourcecode.swift; path = SimpleSwiftTests.swift; sourceTree = "<group>"; };
		1B99301C1F414D1F00152707 /* Info.plist */ = {isa = PBXFileReference; lastKnownFileType = text.plist.xml; path = Info.plist; sourceTree = "<group>"; };
		1B9930211F414D1F00152707 /* SimpleSwiftUITests.xctest */ = {isa = PBXFileReference; explicitFileType = wrapper.cfbundle; includeInIndex = 0; path = SimpleSwiftUITests.xctest; sourceTree = BUILT_PRODUCTS_DIR; };
		1B9930251F414D1F00152707 /* SimpleSwiftUITests.swift */ = {isa = PBXFileReference; lastKnownFileType = sourcecode.swift; path = SimpleSwiftUITests.swift; sourceTree = "<group>"; };
		1B9930271F414D1F00152707 /* Info.plist */ = {isa = PBXFileReference; lastKnownFileType = text.plist.xml; path = Info.plist; sourceTree = "<group>"; };
		1B9930331F41521000152707 /* People.swift */ = {isa = PBXFileReference; fileEncoding = 4; lastKnownFileType = sourcecode.swift; path = People.swift; sourceTree = "<group>"; };
		1B9930351F41523C00152707 /* Animal.swift */ = {isa = PBXFileReference; fileEncoding = 4; lastKnownFileType = sourcecode.swift; path = Animal.swift; sourceTree = "<group>"; };
		1B9930371F41534900152707 /* Home.swift */ = {isa = PBXFileReference; fileEncoding = 4; lastKnownFileType = sourcecode.swift; path = Home.swift; sourceTree = "<group>"; };
		46F3FC56893490FCB75B9BBE /* Pods-SimpleSwift.debug.xcconfig */ = {isa = PBXFileReference; includeInIndex = 1; lastKnownFileType = text.xcconfig; name = "Pods-SimpleSwift.debug.xcconfig"; path = "Pods/Target Support Files/Pods-SimpleSwift/Pods-SimpleSwift.debug.xcconfig"; sourceTree = "<group>"; };
		A11A0AC77D031D9E9DE15CDB /* Pods_SimpleSwift.framework */ = {isa = PBXFileReference; explicitFileType = wrapper.framework; includeInIndex = 0; path = Pods_SimpleSwift.framework; sourceTree = BUILT_PRODUCTS_DIR; };
		FB8A26BFC1D271AB7A90144A /* Pods-SimpleSwift.release.xcconfig */ = {isa = PBXFileReference; includeInIndex = 1; lastKnownFileType = text.xcconfig; name = "Pods-SimpleSwift.release.xcconfig"; path = "Pods/Target Support Files/Pods-SimpleSwift/Pods-SimpleSwift.release.xcconfig"; sourceTree = "<group>"; };
/* End PBXFileReference section */

/* Begin PBXFrameworksBuildPhase section */
		1B992FFF1F414D1F00152707 /* Frameworks */ = {
			isa = PBXFrameworksBuildPhase;
			buildActionMask = 2147483647;
			files = (
				F28E1487B211A42E670B10E0 /* Pods_SimpleSwift.framework in Frameworks */,
			);
			runOnlyForDeploymentPostprocessing = 0;
		};
		1B9930131F414D1F00152707 /* Frameworks */ = {
			isa = PBXFrameworksBuildPhase;
			buildActionMask = 2147483647;
			files = (
			);
			runOnlyForDeploymentPostprocessing = 0;
		};
		1B99301E1F414D1F00152707 /* Frameworks */ = {
			isa = PBXFrameworksBuildPhase;
			buildActionMask = 2147483647;
			files = (
			);
			runOnlyForDeploymentPostprocessing = 0;
		};
/* End PBXFrameworksBuildPhase section */

/* Begin PBXGroup section */
		1B992FF91F414D1F00152707 = {
			isa = PBXGroup;
			children = (
				1B9930041F414D1F00152707 /* SimpleSwift */,
				1B9930191F414D1F00152707 /* SimpleSwiftTests */,
				1B9930241F414D1F00152707 /* SimpleSwiftUITests */,
				1B9930031F414D1F00152707 /* Products */,
				29B1EC0DE5E68C70CEFDE962 /* Pods */,
				746024D3D667D4F6919B104C /* Frameworks */,
			);
			sourceTree = "<group>";
		};
		1B9930031F414D1F00152707 /* Products */ = {
			isa = PBXGroup;
			children = (
				1B9930021F414D1F00152707 /* SimpleSwift.app */,
				1B9930161F414D1F00152707 /* SimpleSwiftTests.xctest */,
				1B9930211F414D1F00152707 /* SimpleSwiftUITests.xctest */,
			);
			name = Products;
			sourceTree = "<group>";
		};
		1B9930041F414D1F00152707 /* SimpleSwift */ = {
			isa = PBXGroup;
			children = (
				1B9930051F414D1F00152707 /* AppDelegate.swift */,
				1B9930071F414D1F00152707 /* ViewController.swift */,
				1B9930091F414D1F00152707 /* Main.storyboard */,
				1B99300C1F414D1F00152707 /* Assets.xcassets */,
				1B99300E1F414D1F00152707 /* LaunchScreen.storyboard */,
				1B9930111F414D1F00152707 /* Info.plist */,
				1B9930331F41521000152707 /* People.swift */,
				1B9930351F41523C00152707 /* Animal.swift */,
				1B9930371F41534900152707 /* Home.swift */,
			);
			path = SimpleSwift;
			sourceTree = "<group>";
		};
		1B9930191F414D1F00152707 /* SimpleSwiftTests */ = {
			isa = PBXGroup;
			children = (
				1B99301A1F414D1F00152707 /* SimpleSwiftTests.swift */,
				1B99301C1F414D1F00152707 /* Info.plist */,
			);
			path = SimpleSwiftTests;
			sourceTree = "<group>";
		};
		1B9930241F414D1F00152707 /* SimpleSwiftUITests */ = {
			isa = PBXGroup;
			children = (
				1B9930251F414D1F00152707 /* SimpleSwiftUITests.swift */,
				1B9930271F414D1F00152707 /* Info.plist */,
			);
			path = SimpleSwiftUITests;
			sourceTree = "<group>";
		};
		29B1EC0DE5E68C70CEFDE962 /* Pods */ = {
			isa = PBXGroup;
			children = (
				46F3FC56893490FCB75B9BBE /* Pods-SimpleSwift.debug.xcconfig */,
				FB8A26BFC1D271AB7A90144A /* Pods-SimpleSwift.release.xcconfig */,
			);
			name = Pods;
			sourceTree = "<group>";
		};
		746024D3D667D4F6919B104C /* Frameworks */ = {
			isa = PBXGroup;
			children = (
				A11A0AC77D031D9E9DE15CDB /* Pods_SimpleSwift.framework */,
			);
			name = Frameworks;
			sourceTree = "<group>";
		};
/* End PBXGroup section */

/* Begin PBXNativeTarget section */
		1B9930011F414D1F00152707 /* SimpleSwift */ = {
			isa = PBXNativeTarget;
			buildConfigurationList = 1B99302A1F414D1F00152707 /* Build configuration list for PBXNativeTarget "SimpleSwift" */;
			buildPhases = (
				F94AB9488514A5AB557E8F05 /* [CP] Check Pods Manifest.lock */,
				1B992FFE1F414D1F00152707 /* Sources */,
				1B992FFF1F414D1F00152707 /* Frameworks */,
				1B9930001F414D1F00152707 /* Resources */,
				45E360D760895522411F0223 /* [CP] Embed Pods Frameworks */,
				02C922F9CC8827539E001AE0 /* [CP] Copy Pods Resources */,
			);
			buildRules = (
			);
			dependencies = (
			);
			name = SimpleSwift;
			productName = SimpleSwift;
			productReference = 1B9930021F414D1F00152707 /* SimpleSwift.app */;
			productType = "com.apple.product-type.application";
		};
		1B9930151F414D1F00152707 /* SimpleSwiftTests */ = {
			isa = PBXNativeTarget;
			buildConfigurationList = 1B99302D1F414D1F00152707 /* Build configuration list for PBXNativeTarget "SimpleSwiftTests" */;
			buildPhases = (
				1B9930121F414D1F00152707 /* Sources */,
				1B9930131F414D1F00152707 /* Frameworks */,
				1B9930141F414D1F00152707 /* Resources */,
			);
			buildRules = (
			);
			dependencies = (
				1B9930181F414D1F00152707 /* PBXTargetDependency */,
			);
			name = SimpleSwiftTests;
			productName = SimpleSwiftTests;
			productReference = 1B9930161F414D1F00152707 /* SimpleSwiftTests.xctest */;
			productType = "com.apple.product-type.bundle.unit-test";
		};
		1B9930201F414D1F00152707 /* SimpleSwiftUITests */ = {
			isa = PBXNativeTarget;
			buildConfigurationList = 1B9930301F414D1F00152707 /* Build configuration list for PBXNativeTarget "SimpleSwiftUITests" */;
			buildPhases = (
				1B99301D1F414D1F00152707 /* Sources */,
				1B99301E1F414D1F00152707 /* Frameworks */,
				1B99301F1F414D1F00152707 /* Resources */,
			);
			buildRules = (
			);
			dependencies = (
				1B9930231F414D1F00152707 /* PBXTargetDependency */,
			);
			name = SimpleSwiftUITests;
			productName = SimpleSwiftUITests;
			productReference = 1B9930211F414D1F00152707 /* SimpleSwiftUITests.xctest */;
			productType = "com.apple.product-type.bundle.ui-testing";
		};
/* End PBXNativeTarget section */

/* Begin PBXProject section */
		1B992FFA1F414D1F00152707 /* Project object */ = {
			isa = PBXProject;
			attributes = {
				LastSwiftUpdateCheck = 0830;
				LastUpgradeCheck = 0830;
				ORGANIZATIONNAME = fuzhong;
				TargetAttributes = {
					1B9930011F414D1F00152707 = {
						CreatedOnToolsVersion = 8.3.2;
						ProvisioningStyle = Automatic;
					};
					1B9930151F414D1F00152707 = {
						CreatedOnToolsVersion = 8.3.2;
						ProvisioningStyle = Automatic;
						TestTargetID = 1B9930011F414D1F00152707;
					};
					1B9930201F414D1F00152707 = {
						CreatedOnToolsVersion = 8.3.2;
						ProvisioningStyle = Automatic;
						TestTargetID = 1B9930011F414D1F00152707;
					};
				};
			};
			buildConfigurationList = 1B992FFD1F414D1F00152707 /* Build configuration list for PBXProject "SimpleSwift" */;
			compatibilityVersion = "Xcode 3.2";
			developmentRegion = English;
			hasScannedForEncodings = 0;
			knownRegions = (
				en,
				Base,
			);
			mainGroup = 1B992FF91F414D1F00152707;
			productRefGroup = 1B9930031F414D1F00152707 /* Products */;
			projectDirPath = "";
			projectRoot = "";
			targets = (
				1B9930011F414D1F00152707 /* SimpleSwift */,
				1B9930151F414D1F00152707 /* SimpleSwiftTests */,
				1B9930201F414D1F00152707 /* SimpleSwiftUITests */,
			);
		};
/* End PBXProject section */

/* Begin PBXResourcesBuildPhase section */
		1B9930001F414D1F00152707 /* Resources */ = {
			isa = PBXResourcesBuildPhase;
			buildActionMask = 2147483647;
			files = (
				1B9930101F414D1F00152707 /* LaunchScreen.storyboard in Resources */,
				1B99300D1F414D1F00152707 /* Assets.xcassets in Resources */,
				1B99300B1F414D1F00152707 /* Main.storyboard in Resources */,
			);
			runOnlyForDeploymentPostprocessing = 0;
		};
		1B9930141F414D1F00152707 /* Resources */ = {
			isa = PBXResourcesBuildPhase;
			buildActionMask = 2147483647;
			files = (
			);
			runOnlyForDeploymentPostprocessing = 0;
		};
		1B99301F1F414D1F00152707 /* Resources */ = {
			isa = PBXResourcesBuildPhase;
			buildActionMask = 2147483647;
			files = (
			);
			runOnlyForDeploymentPostprocessing = 0;
		};
/* End PBXResourcesBuildPhase section */

/* Begin PBXShellScriptBuildPhase section */
		02C922F9CC8827539E001AE0 /* [CP] Copy Pods Resources */ = {
			isa = PBXShellScriptBuildPhase;
			buildActionMask = 2147483647;
			files = (
			);
			inputPaths = (
			);
			name = "[CP] Copy Pods Resources";
			outputPaths = (
			);
			runOnlyForDeploymentPostprocessing = 0;
			shellPath = /bin/sh;
			shellScript = "\"${SRCROOT}/Pods/Target Support Files/Pods-SimpleSwift/Pods-SimpleSwift-resources.sh\"\n";
			showEnvVarsInLog = 0;
		};
		45E360D760895522411F0223 /* [CP] Embed Pods Frameworks */ = {
			isa = PBXShellScriptBuildPhase;
			buildActionMask = 2147483647;
			files = (
			);
			inputPaths = (
			);
			name = "[CP] Embed Pods Frameworks";
			outputPaths = (
			);
			runOnlyForDeploymentPostprocessing = 0;
			shellPath = /bin/sh;
			shellScript = "\"${SRCROOT}/Pods/Target Support Files/Pods-SimpleSwift/Pods-SimpleSwift-frameworks.sh\"\n";
			showEnvVarsInLog = 0;
		};
		F94AB9488514A5AB557E8F05 /* [CP] Check Pods Manifest.lock */ = {
			isa = PBXShellScriptBuildPhase;
			buildActionMask = 2147483647;
			files = (
			);
			inputPaths = (
			);
			name = "[CP] Check Pods Manifest.lock";
			outputPaths = (
			);
			runOnlyForDeploymentPostprocessing = 0;
			shellPath = /bin/sh;
			shellScript = "diff \"${PODS_PODFILE_DIR_PATH}/Podfile.lock\" \"${PODS_ROOT}/Manifest.lock\" > /dev/null\nif [ $? != 0 ] ; then\n    # print error to STDERR\n    echo \"error: The sandbox is not in sync with the Podfile.lock. Run 'pod install' or update your CocoaPods installation.\" >&2\n    exit 1\nfi\n";
			showEnvVarsInLog = 0;
		};
/* End PBXShellScriptBuildPhase section */

/* Begin PBXSourcesBuildPhase section */
		1B992FFE1F414D1F00152707 /* Sources */ = {
			isa = PBXSourcesBuildPhase;
			buildActionMask = 2147483647;
			files = (
				1B9930081F414D1F00152707 /* ViewController.swift in Sources */,
				1B9930361F41523C00152707 /* Animal.swift in Sources */,
				1B9930381F41534900152707 /* Home.swift in Sources */,
				1B9930341F41521000152707 /* People.swift in Sources */,
				1B9930061F414D1F00152707 /* AppDelegate.swift in Sources */,
			);
			runOnlyForDeploymentPostprocessing = 0;
		};
		1B9930121F414D1F00152707 /* Sources */ = {
			isa = PBXSourcesBuildPhase;
			buildActionMask = 2147483647;
			files = (
				1B99301B1F414D1F00152707 /* SimpleSwiftTests.swift in Sources */,
			);
			runOnlyForDeploymentPostprocessing = 0;
		};
		1B99301D1F414D1F00152707 /* Sources */ = {
			isa = PBXSourcesBuildPhase;
			buildActionMask = 2147483647;
			files = (
				1B9930261F414D1F00152707 /* SimpleSwiftUITests.swift in Sources */,
			);
			runOnlyForDeploymentPostprocessing = 0;
		};
/* End PBXSourcesBuildPhase section */

/* Begin PBXTargetDependency section */
		1B9930181F414D1F00152707 /* PBXTargetDependency */ = {
			isa = PBXTargetDependency;
			target = 1B9930011F414D1F00152707 /* SimpleSwift */;
			targetProxy = 1B9930171F414D1F00152707 /* PBXContainerItemProxy */;
		};
		1B9930231F414D1F00152707 /* PBXTargetDependency */ = {
			isa = PBXTargetDependency;
			target = 1B9930011F414D1F00152707 /* SimpleSwift */;
			targetProxy = 1B9930221F414D1F00152707 /* PBXContainerItemProxy */;
		};
/* End PBXTargetDependency section */

/* Begin PBXVariantGroup section */
		1B9930091F414D1F00152707 /* Main.storyboard */ = {
			isa = PBXVariantGroup;
			children = (
				1B99300A1F414D1F00152707 /* Base */,
			);
			name = Main.storyboard;
			sourceTree = "<group>";
		};
		1B99300E1F414D1F00152707 /* LaunchScreen.storyboard */ = {
			isa = PBXVariantGroup;
			children = (
				1B99300F1F414D1F00152707 /* Base */,
			);
			name = LaunchScreen.storyboard;
			sourceTree = "<group>";
		};
/* End PBXVariantGroup section */

/* Begin XCBuildConfiguration section */
		1B9930281F414D1F00152707 /* Debug */ = {
			isa = XCBuildConfiguration;
			buildSettings = {
				ALWAYS_SEARCH_USER_PATHS = NO;
				CLANG_ANALYZER_NONNULL = YES;
				CLANG_ANALYZER_NUMBER_OBJECT_CONVERSION = YES_AGGRESSIVE;
				CLANG_CXX_LANGUAGE_STANDARD = "gnu++0x";
				CLANG_CXX_LIBRARY = "libc++";
				CLANG_ENABLE_MODULES = YES;
				CLANG_ENABLE_OBJC_ARC = YES;
				CLANG_WARN_BOOL_CONVERSION = YES;
				CLANG_WARN_CONSTANT_CONVERSION = YES;
				CLANG_WARN_DIRECT_OBJC_ISA_USAGE = YES_ERROR;
				CLANG_WARN_DOCUMENTATION_COMMENTS = YES;
				CLANG_WARN_EMPTY_BODY = YES;
				CLANG_WARN_ENUM_CONVERSION = YES;
				CLANG_WARN_INFINITE_RECURSION = YES;
				CLANG_WARN_INT_CONVERSION = YES;
				CLANG_WARN_OBJC_ROOT_CLASS = YES_ERROR;
				CLANG_WARN_SUSPICIOUS_MOVE = YES;
				CLANG_WARN_UNREACHABLE_CODE = YES;
				CLANG_WARN__DUPLICATE_METHOD_MATCH = YES;
				"CODE_SIGN_IDENTITY[sdk=iphoneos*]" = "iPhone Developer";
				COPY_PHASE_STRIP = NO;
				DEBUG_INFORMATION_FORMAT = dwarf;
				ENABLE_STRICT_OBJC_MSGSEND = YES;
				ENABLE_TESTABILITY = YES;
				GCC_C_LANGUAGE_STANDARD = gnu99;
				GCC_DYNAMIC_NO_PIC = NO;
				GCC_NO_COMMON_BLOCKS = YES;
				GCC_OPTIMIZATION_LEVEL = 0;
				GCC_PREPROCESSOR_DEFINITIONS = (
					"DEBUG=1",
					"$(inherited)",
				);
				GCC_WARN_64_TO_32_BIT_CONVERSION = YES;
				GCC_WARN_ABOUT_RETURN_TYPE = YES_ERROR;
				GCC_WARN_UNDECLARED_SELECTOR = YES;
				GCC_WARN_UNINITIALIZED_AUTOS = YES_AGGRESSIVE;
				GCC_WARN_UNUSED_FUNCTION = YES;
				GCC_WARN_UNUSED_VARIABLE = YES;
				IPHONEOS_DEPLOYMENT_TARGET = 10.3;
				MTL_ENABLE_DEBUG_INFO = YES;
				ONLY_ACTIVE_ARCH = YES;
				SDKROOT = iphoneos;
				SWIFT_ACTIVE_COMPILATION_CONDITIONS = DEBUG;
				SWIFT_OPTIMIZATION_LEVEL = "-Onone";
			};
			name = Debug;
		};
		1B9930291F414D1F00152707 /* Release */ = {
			isa = XCBuildConfiguration;
			buildSettings = {
				ALWAYS_SEARCH_USER_PATHS = NO;
				CLANG_ANALYZER_NONNULL = YES;
				CLANG_ANALYZER_NUMBER_OBJECT_CONVERSION = YES_AGGRESSIVE;
				CLANG_CXX_LANGUAGE_STANDARD = "gnu++0x";
				CLANG_CXX_LIBRARY = "libc++";
				CLANG_ENABLE_MODULES = YES;
				CLANG_ENABLE_OBJC_ARC = YES;
				CLANG_WARN_BOOL_CONVERSION = YES;
				CLANG_WARN_CONSTANT_CONVERSION = YES;
				CLANG_WARN_DIRECT_OBJC_ISA_USAGE = YES_ERROR;
				CLANG_WARN_DOCUMENTATION_COMMENTS = YES;
				CLANG_WARN_EMPTY_BODY = YES;
				CLANG_WARN_ENUM_CONVERSION = YES;
				CLANG_WARN_INFINITE_RECURSION = YES;
				CLANG_WARN_INT_CONVERSION = YES;
				CLANG_WARN_OBJC_ROOT_CLASS = YES_ERROR;
				CLANG_WARN_SUSPICIOUS_MOVE = YES;
				CLANG_WARN_UNREACHABLE_CODE = YES;
				CLANG_WARN__DUPLICATE_METHOD_MATCH = YES;
				"CODE_SIGN_IDENTITY[sdk=iphoneos*]" = "iPhone Developer";
				COPY_PHASE_STRIP = NO;
				DEBUG_INFORMATION_FORMAT = "dwarf-with-dsym";
				ENABLE_NS_ASSERTIONS = NO;
				ENABLE_STRICT_OBJC_MSGSEND = YES;
				GCC_C_LANGUAGE_STANDARD = gnu99;
				GCC_NO_COMMON_BLOCKS = YES;
				GCC_WARN_64_TO_32_BIT_CONVERSION = YES;
				GCC_WARN_ABOUT_RETURN_TYPE = YES_ERROR;
				GCC_WARN_UNDECLARED_SELECTOR = YES;
				GCC_WARN_UNINITIALIZED_AUTOS = YES_AGGRESSIVE;
				GCC_WARN_UNUSED_FUNCTION = YES;
				GCC_WARN_UNUSED_VARIABLE = YES;
				IPHONEOS_DEPLOYMENT_TARGET = 10.3;
				MTL_ENABLE_DEBUG_INFO = NO;
				SDKROOT = iphoneos;
				SWIFT_OPTIMIZATION_LEVEL = "-Owholemodule";
				VALIDATE_PRODUCT = YES;
			};
			name = Release;
		};
		1B99302B1F414D1F00152707 /* Debug */ = {
			isa = XCBuildConfiguration;
			baseConfigurationReference = 46F3FC56893490FCB75B9BBE /* Pods-SimpleSwift.debug.xcconfig */;
			buildSettings = {
				ASSETCATALOG_COMPILER_APPICON_NAME = AppIcon;
				INFOPLIST_FILE = SimpleSwift/Info.plist;
				IPHONEOS_DEPLOYMENT_TARGET = 9.1;
				LD_RUNPATH_SEARCH_PATHS = "$(inherited) @executable_path/Frameworks";
				PRODUCT_BUNDLE_IDENTIFIER = "com.sky-light-hw.SimpleSwift";
				PRODUCT_NAME = "$(TARGET_NAME)";
				SWIFT_VERSION = 3.0;
			};
			name = Debug;
		};
		1B99302C1F414D1F00152707 /* Release */ = {
			isa = XCBuildConfiguration;
			baseConfigurationReference = FB8A26BFC1D271AB7A90144A /* Pods-SimpleSwift.release.xcconfig */;
			buildSettings = {
				ASSETCATALOG_COMPILER_APPICON_NAME = AppIcon;
				INFOPLIST_FILE = SimpleSwift/Info.plist;
				IPHONEOS_DEPLOYMENT_TARGET = 9.1;
				LD_RUNPATH_SEARCH_PATHS = "$(inherited) @executable_path/Frameworks";
				PRODUCT_BUNDLE_IDENTIFIER = "com.sky-light-hw.SimpleSwift";
				PRODUCT_NAME = "$(TARGET_NAME)";
				SWIFT_VERSION = 3.0;
			};
			name = Release;
		};
		1B99302E1F414D1F00152707 /* Debug */ = {
			isa = XCBuildConfiguration;
			buildSettings = {
				ALWAYS_EMBED_SWIFT_STANDARD_LIBRARIES = YES;
				BUNDLE_LOADER = "$(TEST_HOST)";
				INFOPLIST_FILE = SimpleSwiftTests/Info.plist;
				LD_RUNPATH_SEARCH_PATHS = "$(inherited) @executable_path/Frameworks @loader_path/Frameworks";
				PRODUCT_BUNDLE_IDENTIFIER = "com.sky-light-hw.SimpleSwiftTests";
				PRODUCT_NAME = "$(TARGET_NAME)";
				SWIFT_VERSION = 3.0;
				TEST_HOST = "$(BUILT_PRODUCTS_DIR)/SimpleSwift.app/SimpleSwift";
			};
			name = Debug;
		};
		1B99302F1F414D1F00152707 /* Release */ = {
			isa = XCBuildConfiguration;
			buildSettings = {
				ALWAYS_EMBED_SWIFT_STANDARD_LIBRARIES = YES;
				BUNDLE_LOADER = "$(TEST_HOST)";
				INFOPLIST_FILE = SimpleSwiftTests/Info.plist;
				LD_RUNPATH_SEARCH_PATHS = "$(inherited) @executable_path/Frameworks @loader_path/Frameworks";
				PRODUCT_BUNDLE_IDENTIFIER = "com.sky-light-hw.SimpleSwiftTests";
				PRODUCT_NAME = "$(TARGET_NAME)";
				SWIFT_VERSION = 3.0;
				TEST_HOST = "$(BUILT_PRODUCTS_DIR)/SimpleSwift.app/SimpleSwift";
			};
			name = Release;
		};
		1B9930311F414D1F00152707 /* Debug */ = {
			isa = XCBuildConfiguration;
			buildSettings = {
				ALWAYS_EMBED_SWIFT_STANDARD_LIBRARIES = YES;
				INFOPLIST_FILE = SimpleSwiftUITests/Info.plist;
				LD_RUNPATH_SEARCH_PATHS = "$(inherited) @executable_path/Frameworks @loader_path/Frameworks";
				PRODUCT_BUNDLE_IDENTIFIER = "com.sky-light-hw.SimpleSwiftUITests";
				PRODUCT_NAME = "$(TARGET_NAME)";
				SWIFT_VERSION = 3.0;
				TEST_TARGET_NAME = SimpleSwift;
			};
			name = Debug;
		};
		1B9930321F414D1F00152707 /* Release */ = {
			isa = XCBuildConfiguration;
			buildSettings = {
				ALWAYS_EMBED_SWIFT_STANDARD_LIBRARIES = YES;
				INFOPLIST_FILE = SimpleSwiftUITests/Info.plist;
				LD_RUNPATH_SEARCH_PATHS = "$(inherited) @executable_path/Frameworks @loader_path/Frameworks";
				PRODUCT_BUNDLE_IDENTIFIER = "com.sky-light-hw.SimpleSwiftUITests";
				PRODUCT_NAME = "$(TARGET_NAME)";
				SWIFT_VERSION = 3.0;
				TEST_TARGET_NAME = SimpleSwift;
			};
			name = Release;
		};
/* End XCBuildConfiguration section */

/* Begin XCConfigurationList section */
		1B992FFD1F414D1F00152707 /* Build configuration list for PBXProject "SimpleSwift" */ = {
			isa = XCConfigurationList;
			buildConfigurations = (
				1B9930281F414D1F00152707 /* Debug */,
				1B9930291F414D1F00152707 /* Release */,
			);
			defaultConfigurationIsVisible = 0;
			defaultConfigurationName = Release;
		};
		1B99302A1F414D1F00152707 /* Build configuration list for PBXNativeTarget "SimpleSwift" */ = {
			isa = XCConfigurationList;
			buildConfigurations = (
				1B99302B1F414D1F00152707 /* Debug */,
				1B99302C1F414D1F00152707 /* Release */,
			);
			defaultConfigurationIsVisible = 0;
			defaultConfigurationName = Release;
		};
		1B99302D1F414D1F00152707 /* Build configuration list for PBXNativeTarget "SimpleSwiftTests" */ = {
			isa = XCConfigurationList;
			buildConfigurations = (
				1B99302E1F414D1F00152707 /* Debug */,
				1B99302F1F414D1F00152707 /* Release */,
			);
			defaultConfigurationIsVisible = 0;
			defaultConfigurationName = Release;
		};
		1B9930301F414D1F00152707 /* Build configuration list for PBXNativeTarget "SimpleSwiftUITests" */ = {
			isa = XCConfigurationList;
			buildConfigurations = (
				1B9930311F414D1F00152707 /* Debug */,
				1B9930321F414D1F00152707 /* Release */,
			);
			defaultConfigurationIsVisible = 0;
			defaultConfigurationName = Release;
		};
/* End XCConfigurationList section */
	};
	rootObject = 1B992FFA1F414D1F00152707 /* Project object */;
}
